
Microsoft Visual Studio Solution File, Format Version 12.00
# Visual Studio Version 17
VisualStudioVersion = 17.5.002.0
MinimumVisualStudioVersion = 10.0.40219.1
Project("{9A19103F-16F7-4668-BE54-9A1E7A4F7556}") = "BetterOODemo", "BetterOODemo.csproj", "{A8B2FF85-5806-4604-9B8A-5793B6CCD8CB}"
EndProject
Global
	GlobalSection(SolutionConfigurationPlatforms) = preSolution
		Debug|Any CPU = Debug|Any CPU
		Release|Any CPU = Release|Any CPU
	EndGlobalSection
	GlobalSection(ProjectConfigurationPlatforms) = postSolution
		{A8B2FF85-5806-4604-9B8A-5793B6CCD8CB}.Debug|Any CPU.ActiveCfg = Debug|Any CPU
		{A8B2FF85-5806-4604-9B8A-5793B6CCD8CB}.Debug|Any CPU.Build.0 = Debug|Any CPU
		{A8B2FF85-5806-4604-9B8A-5793B6CCD8CB}.Release|Any CPU.ActiveCfg = Release|Any CPU
		{A8B2FF85-5806-4604-9B8A-5793B6CCD8CB}.Release|Any CPU.Build.0 = Release|Any CPU
	EndGlobalSection
	GlobalSection(SolutionProperties) = preSolution
		HideSolutionNode = FALSE
	EndGlobalSection
	GlobalSection(ExtensibilityGlobals) = postSolution
		SolutionGuid = {EC8E8B55-ED9E-4073-A2DA-55975E084383}
	EndGlobalSection
EndGlobal
